
Microsoft Visual Studio Solution File, Format Version 12.00
# Visual Studio Version 16
VisualStudioVersion = 16.0.31112.23
MinimumVisualStudioVersion = 10.0.40219.1
Project("{FAE04EC0-301F-11D3-BF4B-00C04F79EFBC}") = "Task_1", "Task_1\Task_1.csproj", "{879522B6-A915-452C-AF04-BF75380B02F7}"
EndProject
Project("{FAE04EC0-301F-11D3-BF4B-00C04F79EFBC}") = "Task_2", "Task_2\Task_2.csproj", "{02D403BA-0ADF-4B12-A2E7-D776D39995C3}"
EndProject
Project("{FAE04EC0-301F-11D3-BF4B-00C04F79EFBC}") = "Task_3", "Task_3\Task_3.csproj", "{F0299DBB-EC68-42E3-92BE-C0DEB2170CBC}"
EndProject
Global
	GlobalSection(SolutionConfigurationPlatforms) = preSolution
		Debug|Any CPU = Debug|Any CPU
		Release|Any CPU = Release|Any CPU
	EndGlobalSection
	GlobalSection(ProjectConfigurationPlatforms) = postSolution
		{879522B6-A915-452C-AF04-BF75380B02F7}.Debug|Any CPU.ActiveCfg = Debug|Any CPU
		{879522B6-A915-452C-AF04-BF75380B02F7}.Debug|Any CPU.Build.0 = Debug|Any CPU
		{879522B6-A915-452C-AF04-BF75380B02F7}.Release|Any CPU.ActiveCfg = Release|Any CPU
		{879522B6-A915-452C-AF04-BF75380B02F7}.Release|Any CPU.Build.0 = Release|Any CPU
		{02D403BA-0ADF-4B12-A2E7-D776D39995C3}.Debug|Any CPU.ActiveCfg = Debug|Any CPU
		{02D403BA-0ADF-4B12-A2E7-D776D39995C3}.Debug|Any CPU.Build.0 = Debug|Any CPU
		{02D403BA-0ADF-4B12-A2E7-D776D39995C3}.Release|Any CPU.ActiveCfg = Release|Any CPU
		{02D403BA-0ADF-4B12-A2E7-D776D39995C3}.Release|Any CPU.Build.0 = Release|Any CPU
		{F0299DBB-EC68-42E3-92BE-C0DEB2170CBC}.Debug|Any CPU.ActiveCfg = Debug|Any CPU
		{F0299DBB-EC68-42E3-92BE-C0DEB2170CBC}.Debug|Any CPU.Build.0 = Debug|Any CPU
		{F0299DBB-EC68-42E3-92BE-C0DEB2170CBC}.Release|Any CPU.ActiveCfg = Release|Any CPU
		{F0299DBB-EC68-42E3-92BE-C0DEB2170CBC}.Release|Any CPU.Build.0 = Release|Any CPU
	EndGlobalSection
	GlobalSection(SolutionProperties) = preSolution
		HideSolutionNode = FALSE
	EndGlobalSection
	GlobalSection(ExtensibilityGlobals) = postSolution
		SolutionGuid = {A54F1466-02CD-483A-B22C-0C0045300A7D}
	EndGlobalSection
EndGlobal
